// !$*UTF8*$!
{
	archiveVersion = 1;
	classes = {
	};
	objectVersion = 50;
	objects = {

/* Begin PBXBuildFile section */
		3F5FD20927E8A3F800017DE4 /* MailMockApp.swift in Sources */ = {isa = PBXBuildFile; fileRef = 3F5FD20827E8A3F800017DE4 /* MailMockApp.swift */; };
		3F5FD20B27E8A3F800017DE4 /* MailListView.swift in Sources */ = {isa = PBXBuildFile; fileRef = 3F5FD20A27E8A3F800017DE4 /* MailListView.swift */; };
		3F5FD20D27E8A3FA00017DE4 /* Assets.xcassets in Resources */ = {isa = PBXBuildFile; fileRef = 3F5FD20C27E8A3FA00017DE4 /* Assets.xcassets */; };
		3F5FD21027E8A3FA00017DE4 /* Preview Assets.xcassets in Resources */ = {isa = PBXBuildFile; fileRef = 3F5FD20F27E8A3FA00017DE4 /* Preview Assets.xcassets */; };
		3F5FD21827E8A45F00017DE4 /* MailModel.swift in Sources */ = {isa = PBXBuildFile; fileRef = 3F5FD21727E8A45F00017DE4 /* MailModel.swift */; };
		3F5FD21A27E8AFF400017DE4 /* RowView.swift in Sources */ = {isa = PBXBuildFile; fileRef = 3F5FD21927E8AFF400017DE4 /* RowView.swift */; };
		3F5FD21C27E8B07200017DE4 /* DetailsView.swift in Sources */ = {isa = PBXBuildFile; fileRef = 3F5FD21B27E8B07200017DE4 /* DetailsView.swift */; };
		3F5FD21E27E8BBC500017DE4 /* AnswerMailView.swift in Sources */ = {isa = PBXBuildFile; fileRef = 3F5FD21D27E8BBC500017DE4 /* AnswerMailView.swift */; };
		3FCAA659282F058A007D1991 /* ProgressHUD.swift in Sources */ = {isa = PBXBuildFile; fileRef = 3FCAA658282F058A007D1991 /* ProgressHUD.swift */; };
/* End PBXBuildFile section */

/* Begin PBXFileReference section */
		3F5FD20527E8A3F800017DE4 /* MailMock.app */ = {isa = PBXFileReference; explicitFileType = wrapper.application; includeInIndex = 0; path = MailMock.app; sourceTree = BUILT_PRODUCTS_DIR; };
		3F5FD20827E8A3F800017DE4 /* MailMockApp.swift */ = {isa = PBXFileReference; lastKnownFileType = sourcecode.swift; path = MailMockApp.swift; sourceTree = "<group>"; };
		3F5FD20A27E8A3F800017DE4 /* MailListView.swift */ = {isa = PBXFileReference; lastKnownFileType = sourcecode.swift; path = MailListView.swift; sourceTree = "<group>"; };
		3F5FD20C27E8A3FA00017DE4 /* Assets.xcassets */ = {isa = PBXFileReference; lastKnownFileType = folder.assetcatalog; path = Assets.xcassets; sourceTree = "<group>"; };
		3F5FD20F27E8A3FA00017DE4 /* Preview Assets.xcassets */ = {isa = PBXFileReference; lastKnownFileType = folder.assetcatalog; path = "Preview Assets.xcassets"; sourceTree = "<group>"; };
		3F5FD21127E8A3FA00017DE4 /* Info.plist */ = {isa = PBXFileReference; lastKnownFileType = text.plist.xml; path = Info.plist; sourceTree = "<group>"; };
		3F5FD21727E8A45F00017DE4 /* MailModel.swift */ = {isa = PBXFileReference; lastKnownFileType = sourcecode.swift; path = MailModel.swift; sourceTree = "<group>"; };
		3F5FD21927E8AFF400017DE4 /* RowView.swift */ = {isa = PBXFileReference; lastKnownFileType = sourcecode.swift; path = RowView.swift; sourceTree = "<group>"; };
		3F5FD21B27E8B07200017DE4 /* DetailsView.swift */ = {isa = PBXFileReference; lastKnownFileType = sourcecode.swift; path = DetailsView.swift; sourceTree = "<group>"; };
		3F5FD21D27E8BBC500017DE4 /* AnswerMailView.swift */ = {isa = PBXFileReference; lastKnownFileType = sourcecode.swift; path = AnswerMailView.swift; sourceTree = "<group>"; };
		3FCAA658282F058A007D1991 /* ProgressHUD.swift */ = {isa = PBXFileReference; lastKnownFileType = sourcecode.swift; path = ProgressHUD.swift; sourceTree = "<group>"; };
/* End PBXFileReference section */

/* Begin PBXFrameworksBuildPhase section */
		3F5FD20227E8A3F800017DE4 /* Frameworks */ = {
			isa = PBXFrameworksBuildPhase;
			buildActionMask = 2147483647;
			files = (
			);
			runOnlyForDeploymentPostprocessing = 0;
		};
/* End PBXFrameworksBuildPhase section */

/* Begin PBXGroup section */
		3F5FD1FC27E8A3F800017DE4 = {
			isa = PBXGroup;
			children = (
				3F5FD20727E8A3F800017DE4 /* MailMock */,
				3F5FD20627E8A3F800017DE4 /* Products */,
			);
			sourceTree = "<group>";
		};
		3F5FD20627E8A3F800017DE4 /* Products */ = {
			isa = PBXGroup;
			children = (
				3F5FD20527E8A3F800017DE4 /* MailMock.app */,
			);
			name = Products;
			sourceTree = "<group>";
		};
		3F5FD20727E8A3F800017DE4 /* MailMock */ = {
			isa = PBXGroup;
			children = (
				3F5FD20827E8A3F800017DE4 /* MailMockApp.swift */,
				3F5FD20A27E8A3F800017DE4 /* MailListView.swift */,
				3F5FD20C27E8A3FA00017DE4 /* Assets.xcassets */,
				3F5FD21127E8A3FA00017DE4 /* Info.plist */,
				3F5FD20E27E8A3FA00017DE4 /* Preview Content */,
				3F5FD21727E8A45F00017DE4 /* MailModel.swift */,
				3F5FD21927E8AFF400017DE4 /* RowView.swift */,
				3F5FD21B27E8B07200017DE4 /* DetailsView.swift */,
				3F5FD21D27E8BBC500017DE4 /* AnswerMailView.swift */,
				3FCAA658282F058A007D1991 /* ProgressHUD.swift */,
			);
			path = MailMock;
			sourceTree = "<group>";
		};
		3F5FD20E27E8A3FA00017DE4 /* Preview Content */ = {
			isa = PBXGroup;
			children = (
				3F5FD20F27E8A3FA00017DE4 /* Preview Assets.xcassets */,
			);
			path = "Preview Content";
			sourceTree = "<group>";
		};
/* End PBXGroup section */

/* Begin PBXNativeTarget section */
		3F5FD20427E8A3F800017DE4 /* MailMock */ = {
			isa = PBXNativeTarget;
			buildConfigurationList = 3F5FD21427E8A3FA00017DE4 /* Build configuration list for PBXNativeTarget "MailMock" */;
			buildPhases = (
				3F5FD20127E8A3F800017DE4 /* Sources */,
				3F5FD20227E8A3F800017DE4 /* Frameworks */,
				3F5FD20327E8A3F800017DE4 /* Resources */,
			);
			buildRules = (
			);
			dependencies = (
			);
			name = MailMock;
			productName = MailMock;
			productReference = 3F5FD20527E8A3F800017DE4 /* MailMock.app */;
			productType = "com.apple.product-type.application";
		};
/* End PBXNativeTarget section */

/* Begin PBXProject section */
		3F5FD1FD27E8A3F800017DE4 /* Project object */ = {
			isa = PBXProject;
			attributes = {
				LastSwiftUpdateCheck = 1250;
				LastUpgradeCheck = 1250;
				TargetAttributes = {
					3F5FD20427E8A3F800017DE4 = {
						CreatedOnToolsVersion = 12.5.1;
					};
				};
			};
			buildConfigurationList = 3F5FD20027E8A3F800017DE4 /* Build configuration list for PBXProject "MailMock" */;
			compatibilityVersion = "Xcode 9.3";
			developmentRegion = en;
			hasScannedForEncodings = 0;
			knownRegions = (
				en,
				Base,
			);
			mainGroup = 3F5FD1FC27E8A3F800017DE4;
			productRefGroup = 3F5FD20627E8A3F800017DE4 /* Products */;
			projectDirPath = "";
			projectRoot = "";
			targets = (
				3F5FD20427E8A3F800017DE4 /* MailMock */,
			);
		};
/* End PBXProject section */

/* Begin PBXResourcesBuildPhase section */
		3F5FD20327E8A3F800017DE4 /* Resources */ = {
			isa = PBXResourcesBuildPhase;
			buildActionMask = 2147483647;
			files = (
				3F5FD21027E8A3FA00017DE4 /* Preview Assets.xcassets in Resources */,
				3F5FD20D27E8A3FA00017DE4 /* Assets.xcassets in Resources */,
			);
			runOnlyForDeploymentPostprocessing = 0;
		};
/* End PBXResourcesBuildPhase section */

/* Begin PBXSourcesBuildPhase section */
		3F5FD20127E8A3F800017DE4 /* Sources */ = {
			isa = PBXSourcesBuildPhase;
			buildActionMask = 2147483647;
			files = (
				3F5FD20B27E8A3F800017DE4 /* MailListView.swift in Sources */,
				3F5FD21C27E8B07200017DE4 /* DetailsView.swift in Sources */,
				3F5FD20927E8A3F800017DE4 /* MailMockApp.swift in Sources */,
				3F5FD21E27E8BBC500017DE4 /* AnswerMailView.swift in Sources */,
				3F5FD21827E8A45F00017DE4 /* MailModel.swift in Sources */,
				3F5FD21A27E8AFF400017DE4 /* RowView.swift in Sources */,
				3FCAA659282F058A007D1991 /* ProgressHUD.swift in Sources */,
			);
			runOnlyForDeploymentPostprocessing = 0;
		};
/* End PBXSourcesBuildPhase section */

/* Begin XCBuildConfiguration section */
		3F5FD21227E8A3FA00017DE4 /* Debug */ = {
			isa = XCBuildConfiguration;
			buildSettings = {
				ALWAYS_SEARCH_USER_PATHS = NO;
				CLANG_ANALYZER_NONNULL = YES;
				CLANG_ANALYZER_NUMBER_OBJECT_CONVERSION = YES_AGGRESSIVE;
				CLANG_CXX_LANGUAGE_STANDARD = "gnu++14";
				CLANG_CXX_LIBRARY = "libc++";
				CLANG_ENABLE_MODULES = YES;
				CLANG_ENABLE_OBJC_ARC = YES;
				CLANG_ENABLE_OBJC_WEAK = YES;
				CLANG_WARN_BLOCK_CAPTURE_AUTORELEASING = YES;
				CLANG_WARN_BOOL_CONVERSION = YES;
				CLANG_WARN_COMMA = YES;
				CLANG_WARN_CONSTANT_CONVERSION = YES;
				CLANG_WARN_DEPRECATED_OBJC_IMPLEMENTATIONS = YES;
				CLANG_WARN_DIRECT_OBJC_ISA_USAGE = YES_ERROR;
				CLANG_WARN_DOCUMENTATION_COMMENTS = YES;
				CLANG_WARN_EMPTY_BODY = YES;
				CLANG_WARN_ENUM_CONVERSION = YES;
				CLANG_WARN_INFINITE_RECURSION = YES;
				CLANG_WARN_INT_CONVERSION = YES;
				CLANG_WARN_NON_LITERAL_NULL_CONVERSION = YES;
				CLANG_WARN_OBJC_IMPLICIT_RETAIN_SELF = YES;
				CLANG_WARN_OBJC_LITERAL_CONVERSION = YES;
				CLANG_WARN_OBJC_ROOT_CLASS = YES_ERROR;
				CLANG_WARN_QUOTED_INCLUDE_IN_FRAMEWORK_HEADER = YES;
				CLANG_WARN_RANGE_LOOP_ANALYSIS = YES;
				CLANG_WARN_STRICT_PROTOTYPES = YES;
				CLANG_WARN_SUSPICIOUS_MOVE = YES;
				CLANG_WARN_UNGUARDED_AVAILABILITY = YES_AGGRESSIVE;
				CLANG_WARN_UNREACHABLE_CODE = YES;
				CLANG_WARN__DUPLICATE_METHOD_MATCH = YES;
				COPY_PHASE_STRIP = NO;
				DEBUG_INFORMATION_FORMAT = dwarf;
				ENABLE_STRICT_OBJC_MSGSEND = YES;
				ENABLE_TESTABILITY = YES;
				GCC_C_LANGUAGE_STANDARD = gnu11;
				GCC_DYNAMIC_NO_PIC = NO;
				GCC_NO_COMMON_BLOCKS = YES;
				GCC_OPTIMIZATION_LEVEL = 0;
				GCC_PREPROCESSOR_DEFINITIONS = (
					"DEBUG=1",
					"$(inherited)",
				);
				GCC_WARN_64_TO_32_BIT_CONVERSION = YES;
				GCC_WARN_ABOUT_RETURN_TYPE = YES_ERROR;
				GCC_WARN_UNDECLARED_SELECTOR = YES;
				GCC_WARN_UNINITIALIZED_AUTOS = YES_AGGRESSIVE;
				GCC_WARN_UNUSED_FUNCTION = YES;
				GCC_WARN_UNUSED_VARIABLE = YES;
				IPHONEOS_DEPLOYMENT_TARGET = 14.5;
				MTL_ENABLE_DEBUG_INFO = INCLUDE_SOURCE;
				MTL_FAST_MATH = YES;
				ONLY_ACTIVE_ARCH = YES;
				SDKROOT = iphoneos;
				SWIFT_ACTIVE_COMPILATION_CONDITIONS = DEBUG;
				SWIFT_OPTIMIZATION_LEVEL = "-Onone";
			};
			name = Debug;
		};
		3F5FD21327E8A3FA00017DE4 /* Release */ = {
			isa = XCBuildConfiguration;
			buildSettings = {
				ALWAYS_SEARCH_USER_PATHS = NO;
				CLANG_ANALYZER_NONNULL = YES;
				CLANG_ANALYZER_NUMBER_OBJECT_CONVERSION = YES_AGGRESSIVE;
				CLANG_CXX_LANGUAGE_STANDARD = "gnu++14";
				CLANG_CXX_LIBRARY = "libc++";
				CLANG_ENABLE_MODULES = YES;
				CLANG_ENABLE_OBJC_ARC = YES;
				CLANG_ENABLE_OBJC_WEAK = YES;
				CLANG_WARN_BLOCK_CAPTURE_AUTORELEASING = YES;
				CLANG_WARN_BOOL_CONVERSION = YES;
				CLANG_WARN_COMMA = YES;
				CLANG_WARN_CONSTANT_CONVERSION = YES;
				CLANG_WARN_DEPRECATED_OBJC_IMPLEMENTATIONS = YES;
				CLANG_WARN_DIRECT_OBJC_ISA_USAGE = YES_ERROR;
				CLANG_WARN_DOCUMENTATION_COMMENTS = YES;
				CLANG_WARN_EMPTY_BODY = YES;
				CLANG_WARN_ENUM_CONVERSION = YES;
				CLANG_WARN_INFINITE_RECURSION = YES;
				CLANG_WARN_INT_CONVERSION = YES;
				CLANG_WARN_NON_LITERAL_NULL_CONVERSION = YES;
				CLANG_WARN_OBJC_IMPLICIT_RETAIN_SELF = YES;
				CLANG_WARN_OBJC_LITERAL_CONVERSION = YES;
				CLANG_WARN_OBJC_ROOT_CLASS = YES_ERROR;
				CLANG_WARN_QUOTED_INCLUDE_IN_FRAMEWORK_HEADER = YES;
				CLANG_WARN_RANGE_LOOP_ANALYSIS = YES;
				CLANG_WARN_STRICT_PROTOTYPES = YES;
				CLANG_WARN_SUSPICIOUS_MOVE = YES;
				CLANG_WARN_UNGUARDED_AVAILABILITY = YES_AGGRESSIVE;
				CLANG_WARN_UNREACHABLE_CODE = YES;
				CLANG_WARN__DUPLICATE_METHOD_MATCH = YES;
				COPY_PHASE_STRIP = NO;
				DEBUG_INFORMATION_FORMAT = "dwarf-with-dsym";
				ENABLE_NS_ASSERTIONS = NO;
				ENABLE_STRICT_OBJC_MSGSEND = YES;
				GCC_C_LANGUAGE_STANDARD = gnu11;
				GCC_NO_COMMON_BLOCKS = YES;
				GCC_WARN_64_TO_32_BIT_CONVERSION = YES;
				GCC_WARN_ABOUT_RETURN_TYPE = YES_ERROR;
				GCC_WARN_UNDECLARED_SELECTOR = YES;
				GCC_WARN_UNINITIALIZED_AUTOS = YES_AGGRESSIVE;
				GCC_WARN_UNUSED_FUNCTION = YES;
				GCC_WARN_UNUSED_VARIABLE = YES;
				IPHONEOS_DEPLOYMENT_TARGET = 14.5;
				MTL_ENABLE_DEBUG_INFO = NO;
				MTL_FAST_MATH = YES;
				SDKROOT = iphoneos;
				SWIFT_COMPILATION_MODE = wholemodule;
				SWIFT_OPTIMIZATION_LEVEL = "-O";
				VALIDATE_PRODUCT = YES;
			};
			name = Release;
		};
		3F5FD21527E8A3FA00017DE4 /* Debug */ = {
			isa = XCBuildConfiguration;
			buildSettings = {
				ASSETCATALOG_COMPILER_APPICON_NAME = AppIcon;
				ASSETCATALOG_COMPILER_GLOBAL_ACCENT_COLOR_NAME = AccentColor;
				CODE_SIGN_STYLE = Automatic;
				DEVELOPMENT_ASSET_PATHS = "\"MailMock/Preview Content\"";
				ENABLE_PREVIEWS = YES;
				INFOPLIST_FILE = MailMock/Info.plist;
				IPHONEOS_DEPLOYMENT_TARGET = 14.0;
				LD_RUNPATH_SEARCH_PATHS = (
					"$(inherited)",
					"@executable_path/Frameworks",
				);
				PRODUCT_BUNDLE_IDENTIFIER = fhtw.MailMock;
				PRODUCT_NAME = "$(TARGET_NAME)";
				SWIFT_VERSION = 5.0;
				TARGETED_DEVICE_FAMILY = "1,2";
			};
			name = Debug;
		};
		3F5FD21627E8A3FA00017DE4 /* Release */ = {
			isa = XCBuildConfiguration;
			buildSettings = {
				ASSETCATALOG_COMPILER_APPICON_NAME = AppIcon;
				ASSETCATALOG_COMPILER_GLOBAL_ACCENT_COLOR_NAME = AccentColor;
				CODE_SIGN_STYLE = Automatic;
				DEVELOPMENT_ASSET_PATHS = "\"MailMock/Preview Content\"";
				ENABLE_PREVIEWS = YES;
				INFOPLIST_FILE = MailMock/Info.plist;
				IPHONEOS_DEPLOYMENT_TARGET = 14.0;
				LD_RUNPATH_SEARCH_PATHS = (
					"$(inherited)",
					"@executable_path/Frameworks",
				);
				PRODUCT_BUNDLE_IDENTIFIER = fhtw.MailMock;
				PRODUCT_NAME = "$(TARGET_NAME)";
				SWIFT_VERSION = 5.0;
				TARGETED_DEVICE_FAMILY = "1,2";
			};
			name = Release;
		};
/* End XCBuildConfiguration section */

/* Begin XCConfigurationList section */
		3F5FD20027E8A3F800017DE4 /* Build configuration list for PBXProject "MailMock" */ = {
			isa = XCConfigurationList;
			buildConfigurations = (
				3F5FD21227E8A3FA00017DE4 /* Debug */,
				3F5FD21327E8A3FA00017DE4 /* Release */,
			);
			defaultConfigurationIsVisible = 0;
			defaultConfigurationName = Release;
		};
		3F5FD21427E8A3FA00017DE4 /* Build configuration list for PBXNativeTarget "MailMock" */ = {
			isa = XCConfigurationList;
			buildConfigurations = (
				3F5FD21527E8A3FA00017DE4 /* Debug */,
				3F5FD21627E8A3FA00017DE4 /* Release */,
			);
			defaultConfigurationIsVisible = 0;
			defaultConfigurationName = Release;
		};
/* End XCConfigurationList section */
	};
	rootObject = 3F5FD1FD27E8A3F800017DE4 /* Project object */;
}
